
Microsoft Visual Studio Solution File, Format Version 12.00
# Visual Studio Version 17
VisualStudioVersion = 17.12.35527.113 d17.12
MinimumVisualStudioVersion = 10.0.40219.1
Project("{FAE04EC0-301F-11D3-BF4B-00C04F79EFBC}") = "AppSettingsAndSecrets", "AppSettingsAndSecrets.csproj", "{32A367C1-15F4-4036-B98D-187A916007DB}"
EndProject
Global
	GlobalSection(SolutionConfigurationPlatforms) = preSolution
		Debug|Any CPU = Debug|Any CPU
		Release|Any CPU = Release|Any CPU
	EndGlobalSection
	GlobalSection(ProjectConfigurationPlatforms) = postSolution
		{32A367C1-15F4-4036-B98D-187A916007DB}.Debug|Any CPU.ActiveCfg = Debug|Any CPU
		{32A367C1-15F4-4036-B98D-187A916007DB}.Debug|Any CPU.Build.0 = Debug|Any CPU
		{32A367C1-15F4-4036-B98D-187A916007DB}.Release|Any CPU.ActiveCfg = Release|Any CPU
		{32A367C1-15F4-4036-B98D-187A916007DB}.Release|Any CPU.Build.0 = Release|Any CPU
	EndGlobalSection
	GlobalSection(SolutionProperties) = preSolution
		HideSolutionNode = FALSE
	EndGlobalSection
EndGlobal
